
Microsoft Visual Studio Solution File, Format Version 12.00
# Visual Studio Version 17
VisualStudioVersion = 17.4.33213.308
MinimumVisualStudioVersion = 10.0.40219.1
Project("{FAE04EC0-301F-11D3-BF4B-00C04F79EFBC}") = "Test_Airtech", "Test_Airtech\Test_Airtech.csproj", "{C63B8FF4-01DE-402D-900E-080D4ADDF8F9}"
EndProject
Global
	GlobalSection(SolutionConfigurationPlatforms) = preSolution
		Debug|Any CPU = Debug|Any CPU
		Release|Any CPU = Release|Any CPU
	EndGlobalSection
	GlobalSection(ProjectConfigurationPlatforms) = postSolution
		{C63B8FF4-01DE-402D-900E-080D4ADDF8F9}.Debug|Any CPU.ActiveCfg = Debug|Any CPU
		{C63B8FF4-01DE-402D-900E-080D4ADDF8F9}.Debug|Any CPU.Build.0 = Debug|Any CPU
		{C63B8FF4-01DE-402D-900E-080D4ADDF8F9}.Release|Any CPU.ActiveCfg = Release|Any CPU
		{C63B8FF4-01DE-402D-900E-080D4ADDF8F9}.Release|Any CPU.Build.0 = Release|Any CPU
	EndGlobalSection
	GlobalSection(SolutionProperties) = preSolution
		HideSolutionNode = FALSE
	EndGlobalSection
	GlobalSection(ExtensibilityGlobals) = postSolution
		SolutionGuid = {DCB0B5A3-B0C7-4862-875C-266CCCE86153}
	EndGlobalSection
EndGlobal
